// !$*UTF8*$!
{
	archiveVersion = 1;
	classes = {
	};
	objectVersion = 52;
	objects = {

/* Begin PBXBuildFile section */
		50B6A380272251DF002C1FC9 /* AppDelegate.swift in Sources */ = {isa = PBXBuildFile; fileRef = 50B6A37F272251DF002C1FC9 /* AppDelegate.swift */; };
		50B6A382272251DF002C1FC9 /* SceneDelegate.swift in Sources */ = {isa = PBXBuildFile; fileRef = 50B6A381272251DF002C1FC9 /* SceneDelegate.swift */; };
		50B6A384272251DF002C1FC9 /* ViewController.swift in Sources */ = {isa = PBXBuildFile; fileRef = 50B6A383272251DF002C1FC9 /* ViewController.swift */; };
		50B6A387272251DF002C1FC9 /* Main.storyboard in Resources */ = {isa = PBXBuildFile; fileRef = 50B6A385272251DF002C1FC9 /* Main.storyboard */; };
		50B6A389272251E0002C1FC9 /* Assets.xcassets in Resources */ = {isa = PBXBuildFile; fileRef = 50B6A388272251E0002C1FC9 /* Assets.xcassets */; };
		50B6A38C272251E0002C1FC9 /* LaunchScreen.storyboard in Resources */ = {isa = PBXBuildFile; fileRef = 50B6A38A272251E0002C1FC9 /* LaunchScreen.storyboard */; };
		50B6A3952722526A002C1FC9 /* Amplify in Frameworks */ = {isa = PBXBuildFile; productRef = 50B6A3942722526A002C1FC9 /* Amplify */; };
		50B6A3972722526A002C1FC9 /* AWSCognitoAuthPlugin in Frameworks */ = {isa = PBXBuildFile; productRef = 50B6A3962722526A002C1FC9 /* AWSCognitoAuthPlugin */; };
		50B6A3992722526A002C1FC9 /* AWSAPIPlugin in Frameworks */ = {isa = PBXBuildFile; productRef = 50B6A3982722526A002C1FC9 /* AWSAPIPlugin */; };
		50B6A39B2722526A002C1FC9 /* AWSDataStorePlugin in Frameworks */ = {isa = PBXBuildFile; productRef = 50B6A39A2722526A002C1FC9 /* AWSDataStorePlugin */; };
		6D5BC2FADABAB6D86E9B4444 /* awsconfiguration.json in Resources */ = {isa = PBXBuildFile; fileRef = E238E93D9913187A4B8E14E0 /* awsconfiguration.json */; };
		FD8834C2FEF5057B807016CA /* amplifyconfiguration.json in Resources */ = {isa = PBXBuildFile; fileRef = 0E01803EC6451663F2531915 /* amplifyconfiguration.json */; };
/* End PBXBuildFile section */

/* Begin PBXFileReference section */
		0E01803EC6451663F2531915 /* amplifyconfiguration.json */ = {isa = PBXFileReference; explicitFileType = text.json; path = amplifyconfiguration.json; sourceTree = "<group>"; };
		50B6A37C272251DF002C1FC9 /* apiTest3.app */ = {isa = PBXFileReference; explicitFileType = wrapper.application; includeInIndex = 0; path = apiTest3.app; sourceTree = BUILT_PRODUCTS_DIR; };
		50B6A37F272251DF002C1FC9 /* AppDelegate.swift */ = {isa = PBXFileReference; lastKnownFileType = sourcecode.swift; path = AppDelegate.swift; sourceTree = "<group>"; };
		50B6A381272251DF002C1FC9 /* SceneDelegate.swift */ = {isa = PBXFileReference; lastKnownFileType = sourcecode.swift; path = SceneDelegate.swift; sourceTree = "<group>"; };
		50B6A383272251DF002C1FC9 /* ViewController.swift */ = {isa = PBXFileReference; lastKnownFileType = sourcecode.swift; path = ViewController.swift; sourceTree = "<group>"; };
		50B6A386272251DF002C1FC9 /* Base */ = {isa = PBXFileReference; lastKnownFileType = file.storyboard; name = Base; path = Base.lproj/Main.storyboard; sourceTree = "<group>"; };
		50B6A388272251E0002C1FC9 /* Assets.xcassets */ = {isa = PBXFileReference; lastKnownFileType = folder.assetcatalog; path = Assets.xcassets; sourceTree = "<group>"; };
		50B6A38B272251E0002C1FC9 /* Base */ = {isa = PBXFileReference; lastKnownFileType = file.storyboard; name = Base; path = Base.lproj/LaunchScreen.storyboard; sourceTree = "<group>"; };
		50B6A38D272251E0002C1FC9 /* Info.plist */ = {isa = PBXFileReference; lastKnownFileType = text.plist.xml; path = Info.plist; sourceTree = "<group>"; };
		E238E93D9913187A4B8E14E0 /* awsconfiguration.json */ = {isa = PBXFileReference; explicitFileType = text.json; path = awsconfiguration.json; sourceTree = "<group>"; };
/* End PBXFileReference section */

/* Begin PBXFrameworksBuildPhase section */
		50B6A379272251DF002C1FC9 /* Frameworks */ = {
			isa = PBXFrameworksBuildPhase;
			buildActionMask = 2147483647;
			files = (
				50B6A3992722526A002C1FC9 /* AWSAPIPlugin in Frameworks */,
				50B6A3952722526A002C1FC9 /* Amplify in Frameworks */,
				50B6A3972722526A002C1FC9 /* AWSCognitoAuthPlugin in Frameworks */,
				50B6A39B2722526A002C1FC9 /* AWSDataStorePlugin in Frameworks */,
			);
			runOnlyForDeploymentPostprocessing = 0;
		};
/* End PBXFrameworksBuildPhase section */

/* Begin PBXGroup section */
		50B6A373272251DF002C1FC9 = {
			isa = PBXGroup;
			children = (
				50B6A37E272251DF002C1FC9 /* apiTest3 */,
				50B6A37D272251DF002C1FC9 /* Products */,
				DAB8EA0F294EECD2F2B7655D /* AmplifyConfig */,
			);
			sourceTree = "<group>";
		};
		50B6A37D272251DF002C1FC9 /* Products */ = {
			isa = PBXGroup;
			children = (
				50B6A37C272251DF002C1FC9 /* apiTest3.app */,
			);
			name = Products;
			sourceTree = "<group>";
		};
		50B6A37E272251DF002C1FC9 /* apiTest3 */ = {
			isa = PBXGroup;
			children = (
				50B6A37F272251DF002C1FC9 /* AppDelegate.swift */,
				50B6A381272251DF002C1FC9 /* SceneDelegate.swift */,
				50B6A383272251DF002C1FC9 /* ViewController.swift */,
				50B6A385272251DF002C1FC9 /* Main.storyboard */,
				50B6A388272251E0002C1FC9 /* Assets.xcassets */,
				50B6A38A272251E0002C1FC9 /* LaunchScreen.storyboard */,
				50B6A38D272251E0002C1FC9 /* Info.plist */,
			);
			path = apiTest3;
			sourceTree = "<group>";
		};
		DAB8EA0F294EECD2F2B7655D /* AmplifyConfig */ = {
			isa = PBXGroup;
			children = (
				E238E93D9913187A4B8E14E0 /* awsconfiguration.json */,
				0E01803EC6451663F2531915 /* amplifyconfiguration.json */,
			);
			name = AmplifyConfig;
			sourceTree = "<group>";
		};
/* End PBXGroup section */

/* Begin PBXNativeTarget section */
		50B6A37B272251DF002C1FC9 /* apiTest3 */ = {
			isa = PBXNativeTarget;
			buildConfigurationList = 50B6A390272251E0002C1FC9 /* Build configuration list for PBXNativeTarget "apiTest3" */;
			buildPhases = (
				50B6A378272251DF002C1FC9 /* Sources */,
				50B6A379272251DF002C1FC9 /* Frameworks */,
				50B6A37A272251DF002C1FC9 /* Resources */,
			);
			buildRules = (
			);
			dependencies = (
			);
			name = apiTest3;
			packageProductDependencies = (
				50B6A3942722526A002C1FC9 /* Amplify */,
				50B6A3962722526A002C1FC9 /* AWSCognitoAuthPlugin */,
				50B6A3982722526A002C1FC9 /* AWSAPIPlugin */,
				50B6A39A2722526A002C1FC9 /* AWSDataStorePlugin */,
			);
			productName = apiTest3;
			productReference = 50B6A37C272251DF002C1FC9 /* apiTest3.app */;
			productType = "com.apple.product-type.application";
		};
/* End PBXNativeTarget section */

/* Begin PBXProject section */
		50B6A374272251DF002C1FC9 /* Project object */ = {
			isa = PBXProject;
			attributes = {
				LastSwiftUpdateCheck = 1250;
				LastUpgradeCheck = 1250;
				TargetAttributes = {
					50B6A37B272251DF002C1FC9 = {
						CreatedOnToolsVersion = 12.5;
					};
				};
			};
			buildConfigurationList = 50B6A377272251DF002C1FC9 /* Build configuration list for PBXProject "apiTest3" */;
			compatibilityVersion = "Xcode 9.3";
			developmentRegion = en;
			hasScannedForEncodings = 0;
			knownRegions = (
				en,
				Base,
			);
			mainGroup = 50B6A373272251DF002C1FC9;
			packageReferences = (
				50B6A3932722526A002C1FC9 /* XCRemoteSwiftPackageReference "amplify-ios" */,
				50217FF8272287F70044ECFF /* XCRemoteSwiftPackageReference "swift-nio-zlib-support" */,
			);
			productRefGroup = 50B6A37D272251DF002C1FC9 /* Products */;
			projectDirPath = "";
			projectRoot = "";
			targets = (
				50B6A37B272251DF002C1FC9 /* apiTest3 */,
			);
		};
/* End PBXProject section */

/* Begin PBXResourcesBuildPhase section */
		50B6A37A272251DF002C1FC9 /* Resources */ = {
			isa = PBXResourcesBuildPhase;
			buildActionMask = 2147483647;
			files = (
				50B6A38C272251E0002C1FC9 /* LaunchScreen.storyboard in Resources */,
				50B6A389272251E0002C1FC9 /* Assets.xcassets in Resources */,
				50B6A387272251DF002C1FC9 /* Main.storyboard in Resources */,
				6D5BC2FADABAB6D86E9B4444 /* awsconfiguration.json in Resources */,
				FD8834C2FEF5057B807016CA /* amplifyconfiguration.json in Resources */,
			);
			runOnlyForDeploymentPostprocessing = 0;
		};
/* End PBXResourcesBuildPhase section */

/* Begin PBXSourcesBuildPhase section */
		50B6A378272251DF002C1FC9 /* Sources */ = {
			isa = PBXSourcesBuildPhase;
			buildActionMask = 2147483647;
			files = (
				50B6A384272251DF002C1FC9 /* ViewController.swift in Sources */,
				50B6A380272251DF002C1FC9 /* AppDelegate.swift in Sources */,
				50B6A382272251DF002C1FC9 /* SceneDelegate.swift in Sources */,
			);
			runOnlyForDeploymentPostprocessing = 0;
		};
/* End PBXSourcesBuildPhase section */

/* Begin PBXVariantGroup section */
		50B6A385272251DF002C1FC9 /* Main.storyboard */ = {
			isa = PBXVariantGroup;
			children = (
				50B6A386272251DF002C1FC9 /* Base */,
			);
			name = Main.storyboard;
			sourceTree = "<group>";
		};
		50B6A38A272251E0002C1FC9 /* LaunchScreen.storyboard */ = {
			isa = PBXVariantGroup;
			children = (
				50B6A38B272251E0002C1FC9 /* Base */,
			);
			name = LaunchScreen.storyboard;
			sourceTree = "<group>";
		};
/* End PBXVariantGroup section */

/* Begin XCBuildConfiguration section */
		50B6A38E272251E0002C1FC9 /* Debug */ = {
			isa = XCBuildConfiguration;
			buildSettings = {
				ALWAYS_SEARCH_USER_PATHS = NO;
				CLANG_ANALYZER_NONNULL = YES;
				CLANG_ANALYZER_NUMBER_OBJECT_CONVERSION = YES_AGGRESSIVE;
				CLANG_CXX_LANGUAGE_STANDARD = "gnu++14";
				CLANG_CXX_LIBRARY = "libc++";
				CLANG_ENABLE_MODULES = YES;
				CLANG_ENABLE_OBJC_ARC = YES;
				CLANG_ENABLE_OBJC_WEAK = YES;
				CLANG_WARN_BLOCK_CAPTURE_AUTORELEASING = YES;
				CLANG_WARN_BOOL_CONVERSION = YES;
				CLANG_WARN_COMMA = YES;
				CLANG_WARN_CONSTANT_CONVERSION = YES;
				CLANG_WARN_DEPRECATED_OBJC_IMPLEMENTATIONS = YES;
				CLANG_WARN_DIRECT_OBJC_ISA_USAGE = YES_ERROR;
				CLANG_WARN_DOCUMENTATION_COMMENTS = YES;
				CLANG_WARN_EMPTY_BODY = YES;
				CLANG_WARN_ENUM_CONVERSION = YES;
				CLANG_WARN_INFINITE_RECURSION = YES;
				CLANG_WARN_INT_CONVERSION = YES;
				CLANG_WARN_NON_LITERAL_NULL_CONVERSION = YES;
				CLANG_WARN_OBJC_IMPLICIT_RETAIN_SELF = YES;
				CLANG_WARN_OBJC_LITERAL_CONVERSION = YES;
				CLANG_WARN_OBJC_ROOT_CLASS = YES_ERROR;
				CLANG_WARN_QUOTED_INCLUDE_IN_FRAMEWORK_HEADER = YES;
				CLANG_WARN_RANGE_LOOP_ANALYSIS = YES;
				CLANG_WARN_STRICT_PROTOTYPES = YES;
				CLANG_WARN_SUSPICIOUS_MOVE = YES;
				CLANG_WARN_UNGUARDED_AVAILABILITY = YES_AGGRESSIVE;
				CLANG_WARN_UNREACHABLE_CODE = YES;
				CLANG_WARN__DUPLICATE_METHOD_MATCH = YES;
				COPY_PHASE_STRIP = NO;
				DEBUG_INFORMATION_FORMAT = dwarf;
				ENABLE_STRICT_OBJC_MSGSEND = YES;
				ENABLE_TESTABILITY = YES;
				GCC_C_LANGUAGE_STANDARD = gnu11;
				GCC_DYNAMIC_NO_PIC = NO;
				GCC_NO_COMMON_BLOCKS = YES;
				GCC_OPTIMIZATION_LEVEL = 0;
				GCC_PREPROCESSOR_DEFINITIONS = (
					"DEBUG=1",
					"$(inherited)",
				);
				GCC_WARN_64_TO_32_BIT_CONVERSION = YES;
				GCC_WARN_ABOUT_RETURN_TYPE = YES_ERROR;
				GCC_WARN_UNDECLARED_SELECTOR = YES;
				GCC_WARN_UNINITIALIZED_AUTOS = YES_AGGRESSIVE;
				GCC_WARN_UNUSED_FUNCTION = YES;
				GCC_WARN_UNUSED_VARIABLE = YES;
				IPHONEOS_DEPLOYMENT_TARGET = 14.5;
				MTL_ENABLE_DEBUG_INFO = INCLUDE_SOURCE;
				MTL_FAST_MATH = YES;
				ONLY_ACTIVE_ARCH = YES;
				SDKROOT = iphoneos;
				SWIFT_ACTIVE_COMPILATION_CONDITIONS = DEBUG;
				SWIFT_OPTIMIZATION_LEVEL = "-Onone";
			};
			name = Debug;
		};
		50B6A38F272251E0002C1FC9 /* Release */ = {
			isa = XCBuildConfiguration;
			buildSettings = {
				ALWAYS_SEARCH_USER_PATHS = NO;
				CLANG_ANALYZER_NONNULL = YES;
				CLANG_ANALYZER_NUMBER_OBJECT_CONVERSION = YES_AGGRESSIVE;
				CLANG_CXX_LANGUAGE_STANDARD = "gnu++14";
				CLANG_CXX_LIBRARY = "libc++";
				CLANG_ENABLE_MODULES = YES;
				CLANG_ENABLE_OBJC_ARC = YES;
				CLANG_ENABLE_OBJC_WEAK = YES;
				CLANG_WARN_BLOCK_CAPTURE_AUTORELEASING = YES;
				CLANG_WARN_BOOL_CONVERSION = YES;
				CLANG_WARN_COMMA = YES;
				CLANG_WARN_CONSTANT_CONVERSION = YES;
				CLANG_WARN_DEPRECATED_OBJC_IMPLEMENTATIONS = YES;
				CLANG_WARN_DIRECT_OBJC_ISA_USAGE = YES_ERROR;
				CLANG_WARN_DOCUMENTATION_COMMENTS = YES;
				CLANG_WARN_EMPTY_BODY = YES;
				CLANG_WARN_ENUM_CONVERSION = YES;
				CLANG_WARN_INFINITE_RECURSION = YES;
				CLANG_WARN_INT_CONVERSION = YES;
				CLANG_WARN_NON_LITERAL_NULL_CONVERSION = YES;
				CLANG_WARN_OBJC_IMPLICIT_RETAIN_SELF = YES;
				CLANG_WARN_OBJC_LITERAL_CONVERSION = YES;
				CLANG_WARN_OBJC_ROOT_CLASS = YES_ERROR;
				CLANG_WARN_QUOTED_INCLUDE_IN_FRAMEWORK_HEADER = YES;
				CLANG_WARN_RANGE_LOOP_ANALYSIS = YES;
				CLANG_WARN_STRICT_PROTOTYPES = YES;
				CLANG_WARN_SUSPICIOUS_MOVE = YES;
				CLANG_WARN_UNGUARDED_AVAILABILITY = YES_AGGRESSIVE;
				CLANG_WARN_UNREACHABLE_CODE = YES;
				CLANG_WARN__DUPLICATE_METHOD_MATCH = YES;
				COPY_PHASE_STRIP = NO;
				DEBUG_INFORMATION_FORMAT = "dwarf-with-dsym";
				ENABLE_NS_ASSERTIONS = NO;
				ENABLE_STRICT_OBJC_MSGSEND = YES;
				GCC_C_LANGUAGE_STANDARD = gnu11;
				GCC_NO_COMMON_BLOCKS = YES;
				GCC_WARN_64_TO_32_BIT_CONVERSION = YES;
				GCC_WARN_ABOUT_RETURN_TYPE = YES_ERROR;
				GCC_WARN_UNDECLARED_SELECTOR = YES;
				GCC_WARN_UNINITIALIZED_AUTOS = YES_AGGRESSIVE;
				GCC_WARN_UNUSED_FUNCTION = YES;
				GCC_WARN_UNUSED_VARIABLE = YES;
				IPHONEOS_DEPLOYMENT_TARGET = 14.5;
				MTL_ENABLE_DEBUG_INFO = NO;
				MTL_FAST_MATH = YES;
				SDKROOT = iphoneos;
				SWIFT_COMPILATION_MODE = wholemodule;
				SWIFT_OPTIMIZATION_LEVEL = "-O";
				VALIDATE_PRODUCT = YES;
			};
			name = Release;
		};
		50B6A391272251E0002C1FC9 /* Debug */ = {
			isa = XCBuildConfiguration;
			buildSettings = {
				ASSETCATALOG_COMPILER_APPICON_NAME = AppIcon;
				ASSETCATALOG_COMPILER_GLOBAL_ACCENT_COLOR_NAME = AccentColor;
				CODE_SIGN_STYLE = Automatic;
				INFOPLIST_FILE = apiTest3/Info.plist;
				LD_RUNPATH_SEARCH_PATHS = (
					"$(inherited)",
					"@executable_path/Frameworks",
				);
				PRODUCT_BUNDLE_IDENTIFIER = chenxiao.l.apiTest3;
				PRODUCT_NAME = "$(TARGET_NAME)";
				SWIFT_VERSION = 5.0;
				TARGETED_DEVICE_FAMILY = "1,2";
			};
			name = Debug;
		};
		50B6A392272251E0002C1FC9 /* Release */ = {
			isa = XCBuildConfiguration;
			buildSettings = {
				ASSETCATALOG_COMPILER_APPICON_NAME = AppIcon;
				ASSETCATALOG_COMPILER_GLOBAL_ACCENT_COLOR_NAME = AccentColor;
				CODE_SIGN_STYLE = Automatic;
				INFOPLIST_FILE = apiTest3/Info.plist;
				LD_RUNPATH_SEARCH_PATHS = (
					"$(inherited)",
					"@executable_path/Frameworks",
				);
				PRODUCT_BUNDLE_IDENTIFIER = chenxiao.l.apiTest3;
				PRODUCT_NAME = "$(TARGET_NAME)";
				SWIFT_VERSION = 5.0;
				TARGETED_DEVICE_FAMILY = "1,2";
			};
			name = Release;
		};
/* End XCBuildConfiguration section */

/* Begin XCConfigurationList section */
		50B6A377272251DF002C1FC9 /* Build configuration list for PBXProject "apiTest3" */ = {
			isa = XCConfigurationList;
			buildConfigurations = (
				50B6A38E272251E0002C1FC9 /* Debug */,
				50B6A38F272251E0002C1FC9 /* Release */,
			);
			defaultConfigurationIsVisible = 0;
			defaultConfigurationName = Release;
		};
		50B6A390272251E0002C1FC9 /* Build configuration list for PBXNativeTarget "apiTest3" */ = {
			isa = XCConfigurationList;
			buildConfigurations = (
				50B6A391272251E0002C1FC9 /* Debug */,
				50B6A392272251E0002C1FC9 /* Release */,
			);
			defaultConfigurationIsVisible = 0;
			defaultConfigurationName = Release;
		};
/* End XCConfigurationList section */

/* Begin XCRemoteSwiftPackageReference section */
		50217FF8272287F70044ECFF /* XCRemoteSwiftPackageReference "swift-nio-zlib-support" */ = {
			isa = XCRemoteSwiftPackageReference;
			repositoryURL = "https://github.com/apple/swift-nio-zlib-support";
			requirement = {
				kind = upToNextMajorVersion;
				minimumVersion = 1.0.0;
			};
		};
		50B6A3932722526A002C1FC9 /* XCRemoteSwiftPackageReference "amplify-ios" */ = {
			isa = XCRemoteSwiftPackageReference;
			repositoryURL = "https://github.com/aws-amplify/amplify-ios";
			requirement = {
				kind = upToNextMajorVersion;
				minimumVersion = 1.15.3;
			};
		};
/* End XCRemoteSwiftPackageReference section */

/* Begin XCSwiftPackageProductDependency section */
		50B6A3942722526A002C1FC9 /* Amplify */ = {
			isa = XCSwiftPackageProductDependency;
			package = 50B6A3932722526A002C1FC9 /* XCRemoteSwiftPackageReference "amplify-ios" */;
			productName = Amplify;
		};
		50B6A3962722526A002C1FC9 /* AWSCognitoAuthPlugin */ = {
			isa = XCSwiftPackageProductDependency;
			package = 50B6A3932722526A002C1FC9 /* XCRemoteSwiftPackageReference "amplify-ios" */;
			productName = AWSCognitoAuthPlugin;
		};
		50B6A3982722526A002C1FC9 /* AWSAPIPlugin */ = {
			isa = XCSwiftPackageProductDependency;
			package = 50B6A3932722526A002C1FC9 /* XCRemoteSwiftPackageReference "amplify-ios" */;
			productName = AWSAPIPlugin;
		};
		50B6A39A2722526A002C1FC9 /* AWSDataStorePlugin */ = {
			isa = XCSwiftPackageProductDependency;
			package = 50B6A3932722526A002C1FC9 /* XCRemoteSwiftPackageReference "amplify-ios" */;
			productName = AWSDataStorePlugin;
		};
/* End XCSwiftPackageProductDependency section */
	};
	rootObject = 50B6A374272251DF002C1FC9 /* Project object */;
}
